github.com/Picocrypt/dialog v0.0.0-20240831001746-9ca708a9cd29 h1:WIgRST/mpLiBEG2MF5MRPBDYYevLw7y14cwUEDjG5+Q=
github.com/Picocrypt/dialog v0.0.0-20240831001746-9ca708a9cd29/go.mod h1:raXVkdcX4495+fW9Ac+kvPMHRNk0rOcNXEWFD71B2As=
github.com/Picocrypt/giu v0.0.0-20240831005244-5771b35043ac h1:Z21enGbi450NyI7UZSoEuu//axifyGl63BJVjHX3ZXc=
github.com/Picocrypt/giu v0.0.0-20240831005244-5771b35043ac/go.mod h1:x7jbmZVofU9rn5WJj2+riU85Zo0MFlfp1sMTnKFQhc0=
github.com/Picocrypt/gl v0.0.0-20240831002619-6531d2bba5fc h1:5ckKMFhiz/Af6+sdkGlw74BU+rKRmoFWqU/rXHGUe3g=
github.com/Picocrypt/gl v0.0.0-20240831002619-6531d2bba5fc/go.mod h1:VknKAZzEoKP9nqrc/dveCwR5L01B9V8yLqtpvYmQ3DA=
github.com/Picocrypt/glfw/v3.3/glfw v0.0.0-20240831003212-7f16c5fb374b h1:hSaQU4P9KbMg9s2Jp2mTk9G5G+zkf4Yse5YRoxWTDTk=
github.com/Picocrypt/glfw/v3.3/glfw v0.0.0-20240831003212-7f16c5fb374b/go.mod h1:r5awTCSm/ugmTRKmT8Hr0T4xGPI6K35eFK0s3jYCW+s=
github.com/Picocrypt/imgui-go v0.0.0-20240831004007-6f60d7beadf6 h1:Y6SuxbSkQSU1hdEOpoMvp6Akq3RVX6KP1U4pKjGv3qo=
github.com/Picocrypt/imgui-go v0.0.0-20240831004007-6f60d7beadf6/go.mod h1:mGfOCkgyafVMIs1tU70va3lFSh6hSb+Vq4paVLX1Fjg=
github.com/Picocrypt/infectious v0.0.0-20240830233326-3a050f65f9ec h1:/cop0/v0HxIJm1XGDgIlzNJ3e4HhM8nIUPZi5RZ/n1w=
github.com/Picocrypt/infectious v0.0.0-20240830233326-3a050f65f9ec/go.mod h1:aaFq/WMVxrU2Exl/tXbTFSXajZrqw0mgn/wi42n0fK4=
github.com/Picocrypt/mainthread v0.0.0-20240831004314-496f638392b3 h1:a62XmbZYhHGDR15C1gxp/IPfJX5SflrJuGpqNoOOK7w=
github.com/Picocrypt/mainthread v0.0.0-20240831004314-496f638392b3/go.mod h1:bsUKeX+/53rCTrItl3YUaeaN5tXl1v6326ZI90xIOsc=
github.com/Picocrypt/serpent v0.0.0-20240830233833-9ad6ab254fd7 h1:G36G2vmQAS7CVoHQrHDGAoCWll/0kPCI8Dk7mgwcJFE=
github.com/Picocrypt/serpent v0.0.0-20240830233833-9ad6ab254fd7/go.mod h1:BxsgRYwUVd92aEwXnXsfXfHw8aHlD/PUyExC/wwk9oI=
github.com/Picocrypt/w32 v0.0.0-20240831001500-1183079d4d57 h1:jusSXTp0h5wz8lxNXStw0jXr/ogZF6rzRF8gu0534hA=
github.com/Picocrypt/w32 v0.0.0-20240831001500-1183079d4d57/go.mod h1:FkeZHdKlITdP34VknO8yLdRY5pCi+iWEhDSA0YsBhZc=
github.com/Picocrypt/zxcvbn-go v0.0.0-20240831000415-fccb38ccb913 h1:QGv9QiTkNZ2iRmXEd7nNopaUJMBhBdBcsvWPl+v51AY=
github.com/Picocrypt/zxcvbn-go v0.0.0-20240831000415-fccb38ccb913/go.mod h1:dMyJ/0E4MeBo2wH1ZYmvPTChnYSj2MjLUndvYQt0vGw=
golang.org/x/crypto v0.35.0 h1:b15kiHdrGCHrP6LvwaQ3c03kgNhhiMgvlhxHQhmg2Xs=
golang.org/x/crypto v0.35.0/go.mod h1:dy7dXNW32cAb/6/PRuTNsix8T+vJAqvuIy5Bli/x0YQ=
golang.org/x/sys v0.30.0 h1:QjkSwP/36a20jFYWkSue1YwXzLmsV5Gfq7Eiy72C1uc=
golang.org/x/sys v0.30.0/go.mod h1:/VUhepiaJMQUp4+oa/7Zr1D23ma6VTLIYjOOTFZPUcA=
