github.com/Picocrypt/dialog v0.0.0-20250412233924-78f7b909315b h1:k5YGEx61N6K8l2l6AQ1u5W2aR+47sVZWFyqXS/f5lIA=
github.com/Picocrypt/dialog v0.0.0-20250412233924-78f7b909315b/go.mod h1:OyaP0Tz19qL3RAGq5Ntues+WVrIbHh5MrfqoA/qhqeg=
github.com/Picocrypt/giu v0.0.0-20250801020750-ec85cd24c933 h1:4K9zEOVimmirylJ2ZFSNdJeAjLSCrkgWuCtPDlWw+wo=
github.com/Picocrypt/giu v0.0.0-20250801020750-ec85cd24c933/go.mod h1:jd6AonK0ZI02R7GqLWb4gWJz/A2ClF36Y4fFMR8Lzbk=
github.com/Picocrypt/gl v0.0.0-20250412234430-767b58dbf936 h1:6MChjQ4AZC2ISBjbgZU/z6tSUxYP50NkRvAu0T2kjlY=
github.com/Picocrypt/gl v0.0.0-20250412234430-767b58dbf936/go.mod h1:pMdf3io/y3I+zYZ6/xFb3MlI2AgL38enDDIKuR0n2qA=
github.com/Picocrypt/glfw/v3.3/glfw v0.0.0-20250412234750-7b96bfdb8dd8 h1:i8wXJhSYIJTXb6sqBS6JZW7QosI9u8Ysy1BHZCTuZEc=
github.com/Picocrypt/glfw/v3.3/glfw v0.0.0-20250412234750-7b96bfdb8dd8/go.mod h1:cX5N2TrX03DC5i5eplxopglDue/vHDs+6Ng9G9uItaI=
github.com/Picocrypt/imgui-go v0.0.0-20250412235405-d86b230f5fbb h1:0XMtv2CXx3QvC9ikeH43fJl6ql8j5EsnaiOqhsToFnY=
github.com/Picocrypt/imgui-go v0.0.0-20250412235405-d86b230f5fbb/go.mod h1:N+NVTIIMz6icYltvaKHMvmVIllZDYUyscJ8wpcLKDZ4=
github.com/Picocrypt/infectious v0.0.0-20250412183341-9f88c6307b39 h1:czHyPoiNrILv9xjfQ87UFllJgak8W6gVcYkmfOay/BE=
github.com/Picocrypt/infectious v0.0.0-20250412183341-9f88c6307b39/go.mod h1:2ZVEanURxuWmxYZ6W6xMMy4ZR6xmQr16Vq/XPTLIspQ=
github.com/Picocrypt/mainthread v0.0.0-20240831004314-496f638392b3 h1:a62XmbZYhHGDR15C1gxp/IPfJX5SflrJuGpqNoOOK7w=
github.com/Picocrypt/mainthread v0.0.0-20240831004314-496f638392b3/go.mod h1:bsUKeX+/53rCTrItl3YUaeaN5tXl1v6326ZI90xIOsc=
github.com/Picocrypt/serpent v0.0.0-20240830233833-9ad6ab254fd7 h1:G36G2vmQAS7CVoHQrHDGAoCWll/0kPCI8Dk7mgwcJFE=
github.com/Picocrypt/serpent v0.0.0-20240830233833-9ad6ab254fd7/go.mod h1:BxsgRYwUVd92aEwXnXsfXfHw8aHlD/PUyExC/wwk9oI=
github.com/Picocrypt/w32 v0.0.0-20240831001500-1183079d4d57 h1:jusSXTp0h5wz8lxNXStw0jXr/ogZF6rzRF8gu0534hA=
github.com/Picocrypt/w32 v0.0.0-20240831001500-1183079d4d57/go.mod h1:FkeZHdKlITdP34VknO8yLdRY5pCi+iWEhDSA0YsBhZc=
github.com/Picocrypt/zxcvbn-go v0.0.0-20250412183938-d59695960527 h1:IqypAzv5COsByMhiSdwlgafA5SBRG7Z0binnBSo3htM=
github.com/Picocrypt/zxcvbn-go v0.0.0-20250412183938-d59695960527/go.mod h1:u0rcUNEwy7st1DnPxdOJdTsh0aSRhrdMOxlIGrXR1Ls=
golang.org/x/crypto v0.41.0 h1:WKYxWedPGCTVVl5+WHSSrOBT0O8lx32+zxmHxijgXp4=
golang.org/x/crypto v0.41.0/go.mod h1:pO5AFd7FA68rFak7rOAGVuygIISepHftHnr8dr6+sUc=
golang.org/x/sys v0.35.0 h1:vz1N37gP5bs89s7He8XuIYXpyY0+QlsKmzipCbUtyxI=
golang.org/x/sys v0.35.0/go.mod h1:BJP2sWEmIv4KK5OTEluFJCKSidICx8ciO85XgH3Ak8k=
